
Microsoft Visual Studio Solution File, Format Version 12.00
# Visual Studio Version 16
VisualStudioVersion = 16.0.29215.179
MinimumVisualStudioVersion = 10.0.40219.1
Project("{FAE04EC0-301F-11D3-BF4B-00C04F79EFBC}") = "Индекс массы тела (ИМТ)", "Индекс массы тела (ИМТ)\Индекс массы тела (ИМТ).csproj", "{C8F644E6-3D72-45B0-A8AB-59AEF92BD2DA}"
EndProject
Global
	GlobalSection(SolutionConfigurationPlatforms) = preSolution
		Debug|Any CPU = Debug|Any CPU
		Release|Any CPU = Release|Any CPU
	EndGlobalSection
	GlobalSection(ProjectConfigurationPlatforms) = postSolution
		{C8F644E6-3D72-45B0-A8AB-59AEF92BD2DA}.Debug|Any CPU.ActiveCfg = Debug|Any CPU
		{C8F644E6-3D72-45B0-A8AB-59AEF92BD2DA}.Debug|Any CPU.Build.0 = Debug|Any CPU
		{C8F644E6-3D72-45B0-A8AB-59AEF92BD2DA}.Release|Any CPU.ActiveCfg = Release|Any CPU
		{C8F644E6-3D72-45B0-A8AB-59AEF92BD2DA}.Release|Any CPU.Build.0 = Release|Any CPU
	EndGlobalSection
	GlobalSection(SolutionProperties) = preSolution
		HideSolutionNode = FALSE
	EndGlobalSection
	GlobalSection(ExtensibilityGlobals) = postSolution
		SolutionGuid = {770C040E-B54D-491A-987A-8F2A548FD132}
	EndGlobalSection
EndGlobal
